// !$*UTF8*$!
{
	archiveVersion = 1;
	classes = {
	};
	objectVersion = 50;
	objects = {

/* Begin PBXBuildFile section */
		6D1089BA268CC9A200D60C55 /* ReadMeApp.swift in Sources */ = {isa = PBXBuildFile; fileRef = 6D1089B9268CC9A200D60C55 /* ReadMeApp.swift */; };
		6D1089BC268CC9A200D60C55 /* ContentView.swift in Sources */ = {isa = PBXBuildFile; fileRef = 6D1089BB268CC9A200D60C55 /* ContentView.swift */; };
		6D1089BE268CC9A300D60C55 /* Assets.xcassets in Resources */ = {isa = PBXBuildFile; fileRef = 6D1089BD268CC9A300D60C55 /* Assets.xcassets */; };
		6D1089C1268CC9A300D60C55 /* Preview Assets.xcassets in Resources */ = {isa = PBXBuildFile; fileRef = 6D1089C0268CC9A300D60C55 /* Preview Assets.xcassets */; };
		6D4C5621269472360090BA4B /* Library.swift in Sources */ = {isa = PBXBuildFile; fileRef = 6D4C5620269472360090BA4B /* Library.swift */; };
		6D58F54B268F75A7002F26D6 /* DetailView.swift in Sources */ = {isa = PBXBuildFile; fileRef = 6D58F54A268F75A7002F26D6 /* DetailView.swift */; };
		6DBA31312690DFA700F459B9 /* PHPickerViewController.View.swift in Sources */ = {isa = PBXBuildFile; fileRef = 6DBA31302690DFA700F459B9 /* PHPickerViewController.View.swift */; };
		6DBC3007268CCC78000F108D /* Book.swift in Sources */ = {isa = PBXBuildFile; fileRef = 6DBC3006268CCC78000F108D /* Book.swift */; };
		6DBC300A268CCD0A000F108D /* BookViews.swift in Sources */ = {isa = PBXBuildFile; fileRef = 6DBC3009268CCD0A000F108D /* BookViews.swift */; };
		6DECC56326932F770017724F /* NewBookView.swift in Sources */ = {isa = PBXBuildFile; fileRef = 6DECC56226932F770017724F /* NewBookView.swift */; };
		6DECC5652693316A0017724F /* ReviewAndImageStack.swift in Sources */ = {isa = PBXBuildFile; fileRef = 6DECC5642693316A0017724F /* ReviewAndImageStack.swift */; };
/* End PBXBuildFile section */

/* Begin PBXFileReference section */
		6D1089B6268CC9A200D60C55 /* ReadMe.app */ = {isa = PBXFileReference; explicitFileType = wrapper.application; includeInIndex = 0; path = ReadMe.app; sourceTree = BUILT_PRODUCTS_DIR; };
		6D1089B9268CC9A200D60C55 /* ReadMeApp.swift */ = {isa = PBXFileReference; lastKnownFileType = sourcecode.swift; path = ReadMeApp.swift; sourceTree = "<group>"; };
		6D1089BB268CC9A200D60C55 /* ContentView.swift */ = {isa = PBXFileReference; lastKnownFileType = sourcecode.swift; path = ContentView.swift; sourceTree = "<group>"; };
		6D1089BD268CC9A300D60C55 /* Assets.xcassets */ = {isa = PBXFileReference; lastKnownFileType = folder.assetcatalog; path = Assets.xcassets; sourceTree = "<group>"; };
		6D1089C0268CC9A300D60C55 /* Preview Assets.xcassets */ = {isa = PBXFileReference; lastKnownFileType = folder.assetcatalog; path = "Preview Assets.xcassets"; sourceTree = "<group>"; };
		6D1089C2268CC9A300D60C55 /* Info.plist */ = {isa = PBXFileReference; lastKnownFileType = text.plist.xml; path = Info.plist; sourceTree = "<group>"; };
		6D4C5620269472360090BA4B /* Library.swift */ = {isa = PBXFileReference; fileEncoding = 4; lastKnownFileType = sourcecode.swift; path = Library.swift; sourceTree = "<group>"; };
		6D58F54A268F75A7002F26D6 /* DetailView.swift */ = {isa = PBXFileReference; lastKnownFileType = sourcecode.swift; path = DetailView.swift; sourceTree = "<group>"; };
		6DBA31302690DFA700F459B9 /* PHPickerViewController.View.swift */ = {isa = PBXFileReference; fileEncoding = 4; lastKnownFileType = sourcecode.swift; path = PHPickerViewController.View.swift; sourceTree = "<group>"; };
		6DBC3006268CCC78000F108D /* Book.swift */ = {isa = PBXFileReference; lastKnownFileType = sourcecode.swift; path = Book.swift; sourceTree = "<group>"; };
		6DBC3009268CCD0A000F108D /* BookViews.swift */ = {isa = PBXFileReference; lastKnownFileType = sourcecode.swift; path = BookViews.swift; sourceTree = "<group>"; };
		6DECC56226932F770017724F /* NewBookView.swift */ = {isa = PBXFileReference; lastKnownFileType = sourcecode.swift; path = NewBookView.swift; sourceTree = "<group>"; };
		6DECC5642693316A0017724F /* ReviewAndImageStack.swift */ = {isa = PBXFileReference; lastKnownFileType = sourcecode.swift; path = ReviewAndImageStack.swift; sourceTree = "<group>"; };
/* End PBXFileReference section */

/* Begin PBXFrameworksBuildPhase section */
		6D1089B3268CC9A200D60C55 /* Frameworks */ = {
			isa = PBXFrameworksBuildPhase;
			buildActionMask = 2147483647;
			files = (
			);
			runOnlyForDeploymentPostprocessing = 0;
		};
/* End PBXFrameworksBuildPhase section */

/* Begin PBXGroup section */
		6D1089AD268CC9A200D60C55 = {
			isa = PBXGroup;
			children = (
				6D1089B8268CC9A200D60C55 /* ReadMe */,
				6D1089B7268CC9A200D60C55 /* Products */,
			);
			sourceTree = "<group>";
		};
		6D1089B7268CC9A200D60C55 /* Products */ = {
			isa = PBXGroup;
			children = (
				6D1089B6268CC9A200D60C55 /* ReadMe.app */,
			);
			name = Products;
			sourceTree = "<group>";
		};
		6D1089B8268CC9A200D60C55 /* ReadMe */ = {
			isa = PBXGroup;
			children = (
				6D4C5620269472360090BA4B /* Library.swift */,
				6D1089B9268CC9A200D60C55 /* ReadMeApp.swift */,
				6DBC3006268CCC78000F108D /* Book.swift */,
				6DBC3008268CCCFA000F108D /* Views */,
				6D1089BD268CC9A300D60C55 /* Assets.xcassets */,
				6D1089C2268CC9A300D60C55 /* Info.plist */,
				6D1089BF268CC9A300D60C55 /* Preview Content */,
			);
			path = ReadMe;
			sourceTree = "<group>";
		};
		6D1089BF268CC9A300D60C55 /* Preview Content */ = {
			isa = PBXGroup;
			children = (
				6D1089C0268CC9A300D60C55 /* Preview Assets.xcassets */,
			);
			path = "Preview Content";
			sourceTree = "<group>";
		};
		6DBC3008268CCCFA000F108D /* Views */ = {
			isa = PBXGroup;
			children = (
				6DBA31302690DFA700F459B9 /* PHPickerViewController.View.swift */,
				6D1089BB268CC9A200D60C55 /* ContentView.swift */,
				6DBC3009268CCD0A000F108D /* BookViews.swift */,
				6D58F54A268F75A7002F26D6 /* DetailView.swift */,
				6DECC56226932F770017724F /* NewBookView.swift */,
				6DECC5642693316A0017724F /* ReviewAndImageStack.swift */,
			);
			path = Views;
			sourceTree = "<group>";
		};
/* End PBXGroup section */

/* Begin PBXNativeTarget section */
		6D1089B5268CC9A200D60C55 /* ReadMe */ = {
			isa = PBXNativeTarget;
			buildConfigurationList = 6D1089C5268CC9A300D60C55 /* Build configuration list for PBXNativeTarget "ReadMe" */;
			buildPhases = (
				6D1089B2268CC9A200D60C55 /* Sources */,
				6D1089B3268CC9A200D60C55 /* Frameworks */,
				6D1089B4268CC9A200D60C55 /* Resources */,
			);
			buildRules = (
			);
			dependencies = (
			);
			name = ReadMe;
			productName = ReadMe;
			productReference = 6D1089B6268CC9A200D60C55 /* ReadMe.app */;
			productType = "com.apple.product-type.application";
		};
/* End PBXNativeTarget section */

/* Begin PBXProject section */
		6D1089AE268CC9A200D60C55 /* Project object */ = {
			isa = PBXProject;
			attributes = {
				LastSwiftUpdateCheck = 1250;
				LastUpgradeCheck = 1250;
				TargetAttributes = {
					6D1089B5268CC9A200D60C55 = {
						CreatedOnToolsVersion = 12.5.1;
					};
				};
			};
			buildConfigurationList = 6D1089B1268CC9A200D60C55 /* Build configuration list for PBXProject "ReadMe" */;
			compatibilityVersion = "Xcode 9.3";
			developmentRegion = en;
			hasScannedForEncodings = 0;
			knownRegions = (
				en,
				Base,
			);
			mainGroup = 6D1089AD268CC9A200D60C55;
			productRefGroup = 6D1089B7268CC9A200D60C55 /* Products */;
			projectDirPath = "";
			projectRoot = "";
			targets = (
				6D1089B5268CC9A200D60C55 /* ReadMe */,
			);
		};
/* End PBXProject section */

/* Begin PBXResourcesBuildPhase section */
		6D1089B4268CC9A200D60C55 /* Resources */ = {
			isa = PBXResourcesBuildPhase;
			buildActionMask = 2147483647;
			files = (
				6D1089C1268CC9A300D60C55 /* Preview Assets.xcassets in Resources */,
				6D1089BE268CC9A300D60C55 /* Assets.xcassets in Resources */,
			);
			runOnlyForDeploymentPostprocessing = 0;
		};
/* End PBXResourcesBuildPhase section */

/* Begin PBXSourcesBuildPhase section */
		6D1089B2268CC9A200D60C55 /* Sources */ = {
			isa = PBXSourcesBuildPhase;
			buildActionMask = 2147483647;
			files = (
				6D1089BC268CC9A200D60C55 /* ContentView.swift in Sources */,
				6D58F54B268F75A7002F26D6 /* DetailView.swift in Sources */,
				6D1089BA268CC9A200D60C55 /* ReadMeApp.swift in Sources */,
				6DECC56326932F770017724F /* NewBookView.swift in Sources */,
				6DBA31312690DFA700F459B9 /* PHPickerViewController.View.swift in Sources */,
				6DBC3007268CCC78000F108D /* Book.swift in Sources */,
				6DECC5652693316A0017724F /* ReviewAndImageStack.swift in Sources */,
				6DBC300A268CCD0A000F108D /* BookViews.swift in Sources */,
				6D4C5621269472360090BA4B /* Library.swift in Sources */,
			);
			runOnlyForDeploymentPostprocessing = 0;
		};
/* End PBXSourcesBuildPhase section */

/* Begin XCBuildConfiguration section */
		6D1089C3268CC9A300D60C55 /* Debug */ = {
			isa = XCBuildConfiguration;
			buildSettings = {
				ALWAYS_SEARCH_USER_PATHS = NO;
				CLANG_ANALYZER_NONNULL = YES;
				CLANG_ANALYZER_NUMBER_OBJECT_CONVERSION = YES_AGGRESSIVE;
				CLANG_CXX_LANGUAGE_STANDARD = "gnu++14";
				CLANG_CXX_LIBRARY = "libc++";
				CLANG_ENABLE_MODULES = YES;
				CLANG_ENABLE_OBJC_ARC = YES;
				CLANG_ENABLE_OBJC_WEAK = YES;
				CLANG_WARN_BLOCK_CAPTURE_AUTORELEASING = YES;
				CLANG_WARN_BOOL_CONVERSION = YES;
				CLANG_WARN_COMMA = YES;
				CLANG_WARN_CONSTANT_CONVERSION = YES;
				CLANG_WARN_DEPRECATED_OBJC_IMPLEMENTATIONS = YES;
				CLANG_WARN_DIRECT_OBJC_ISA_USAGE = YES_ERROR;
				CLANG_WARN_DOCUMENTATION_COMMENTS = YES;
				CLANG_WARN_EMPTY_BODY = YES;
				CLANG_WARN_ENUM_CONVERSION = YES;
				CLANG_WARN_INFINITE_RECURSION = YES;
				CLANG_WARN_INT_CONVERSION = YES;
				CLANG_WARN_NON_LITERAL_NULL_CONVERSION = YES;
				CLANG_WARN_OBJC_IMPLICIT_RETAIN_SELF = YES;
				CLANG_WARN_OBJC_LITERAL_CONVERSION = YES;
				CLANG_WARN_OBJC_ROOT_CLASS = YES_ERROR;
				CLANG_WARN_QUOTED_INCLUDE_IN_FRAMEWORK_HEADER = YES;
				CLANG_WARN_RANGE_LOOP_ANALYSIS = YES;
				CLANG_WARN_STRICT_PROTOTYPES = YES;
				CLANG_WARN_SUSPICIOUS_MOVE = YES;
				CLANG_WARN_UNGUARDED_AVAILABILITY = YES_AGGRESSIVE;
				CLANG_WARN_UNREACHABLE_CODE = YES;
				CLANG_WARN__DUPLICATE_METHOD_MATCH = YES;
				COPY_PHASE_STRIP = NO;
				DEBUG_INFORMATION_FORMAT = dwarf;
				ENABLE_STRICT_OBJC_MSGSEND = YES;
				ENABLE_TESTABILITY = YES;
				GCC_C_LANGUAGE_STANDARD = gnu11;
				GCC_DYNAMIC_NO_PIC = NO;
				GCC_NO_COMMON_BLOCKS = YES;
				GCC_OPTIMIZATION_LEVEL = 0;
				GCC_PREPROCESSOR_DEFINITIONS = (
					"DEBUG=1",
					"$(inherited)",
				);
				GCC_WARN_64_TO_32_BIT_CONVERSION = YES;
				GCC_WARN_ABOUT_RETURN_TYPE = YES_ERROR;
				GCC_WARN_UNDECLARED_SELECTOR = YES;
				GCC_WARN_UNINITIALIZED_AUTOS = YES_AGGRESSIVE;
				GCC_WARN_UNUSED_FUNCTION = YES;
				GCC_WARN_UNUSED_VARIABLE = YES;
				IPHONEOS_DEPLOYMENT_TARGET = 14.5;
				MTL_ENABLE_DEBUG_INFO = INCLUDE_SOURCE;
				MTL_FAST_MATH = YES;
				ONLY_ACTIVE_ARCH = YES;
				SDKROOT = iphoneos;
				SWIFT_ACTIVE_COMPILATION_CONDITIONS = DEBUG;
				SWIFT_OPTIMIZATION_LEVEL = "-Onone";
			};
			name = Debug;
		};
		6D1089C4268CC9A300D60C55 /* Release */ = {
			isa = XCBuildConfiguration;
			buildSettings = {
				ALWAYS_SEARCH_USER_PATHS = NO;
				CLANG_ANALYZER_NONNULL = YES;
				CLANG_ANALYZER_NUMBER_OBJECT_CONVERSION = YES_AGGRESSIVE;
				CLANG_CXX_LANGUAGE_STANDARD = "gnu++14";
				CLANG_CXX_LIBRARY = "libc++";
				CLANG_ENABLE_MODULES = YES;
				CLANG_ENABLE_OBJC_ARC = YES;
				CLANG_ENABLE_OBJC_WEAK = YES;
				CLANG_WARN_BLOCK_CAPTURE_AUTORELEASING = YES;
				CLANG_WARN_BOOL_CONVERSION = YES;
				CLANG_WARN_COMMA = YES;
				CLANG_WARN_CONSTANT_CONVERSION = YES;
				CLANG_WARN_DEPRECATED_OBJC_IMPLEMENTATIONS = YES;
				CLANG_WARN_DIRECT_OBJC_ISA_USAGE = YES_ERROR;
				CLANG_WARN_DOCUMENTATION_COMMENTS = YES;
				CLANG_WARN_EMPTY_BODY = YES;
				CLANG_WARN_ENUM_CONVERSION = YES;
				CLANG_WARN_INFINITE_RECURSION = YES;
				CLANG_WARN_INT_CONVERSION = YES;
				CLANG_WARN_NON_LITERAL_NULL_CONVERSION = YES;
				CLANG_WARN_OBJC_IMPLICIT_RETAIN_SELF = YES;
				CLANG_WARN_OBJC_LITERAL_CONVERSION = YES;
				CLANG_WARN_OBJC_ROOT_CLASS = YES_ERROR;
				CLANG_WARN_QUOTED_INCLUDE_IN_FRAMEWORK_HEADER = YES;
				CLANG_WARN_RANGE_LOOP_ANALYSIS = YES;
				CLANG_WARN_STRICT_PROTOTYPES = YES;
				CLANG_WARN_SUSPICIOUS_MOVE = YES;
				CLANG_WARN_UNGUARDED_AVAILABILITY = YES_AGGRESSIVE;
				CLANG_WARN_UNREACHABLE_CODE = YES;
				CLANG_WARN__DUPLICATE_METHOD_MATCH = YES;
				COPY_PHASE_STRIP = NO;
				DEBUG_INFORMATION_FORMAT = "dwarf-with-dsym";
				ENABLE_NS_ASSERTIONS = NO;
				ENABLE_STRICT_OBJC_MSGSEND = YES;
				GCC_C_LANGUAGE_STANDARD = gnu11;
				GCC_NO_COMMON_BLOCKS = YES;
				GCC_WARN_64_TO_32_BIT_CONVERSION = YES;
				GCC_WARN_ABOUT_RETURN_TYPE = YES_ERROR;
				GCC_WARN_UNDECLARED_SELECTOR = YES;
				GCC_WARN_UNINITIALIZED_AUTOS = YES_AGGRESSIVE;
				GCC_WARN_UNUSED_FUNCTION = YES;
				GCC_WARN_UNUSED_VARIABLE = YES;
				IPHONEOS_DEPLOYMENT_TARGET = 14.5;
				MTL_ENABLE_DEBUG_INFO = NO;
				MTL_FAST_MATH = YES;
				SDKROOT = iphoneos;
				SWIFT_COMPILATION_MODE = wholemodule;
				SWIFT_OPTIMIZATION_LEVEL = "-O";
				VALIDATE_PRODUCT = YES;
			};
			name = Release;
		};
		6D1089C6268CC9A300D60C55 /* Debug */ = {
			isa = XCBuildConfiguration;
			buildSettings = {
				ASSETCATALOG_COMPILER_APPICON_NAME = AppIcon;
				ASSETCATALOG_COMPILER_GLOBAL_ACCENT_COLOR_NAME = AccentColor;
				CODE_SIGN_STYLE = Automatic;
				DEVELOPMENT_ASSET_PATHS = "\"ReadMe/Preview Content\"";
				ENABLE_PREVIEWS = YES;
				INFOPLIST_FILE = ReadMe/Info.plist;
				IPHONEOS_DEPLOYMENT_TARGET = 14.0;
				LD_RUNPATH_SEARCH_PATHS = (
					"$(inherited)",
					"@executable_path/Frameworks",
				);
				PRODUCT_BUNDLE_IDENTIFIER = com.robyho.ReadMe;
				PRODUCT_NAME = "$(TARGET_NAME)";
				SWIFT_VERSION = 5.0;
				TARGETED_DEVICE_FAMILY = "1,2";
			};
			name = Debug;
		};
		6D1089C7268CC9A300D60C55 /* Release */ = {
			isa = XCBuildConfiguration;
			buildSettings = {
				ASSETCATALOG_COMPILER_APPICON_NAME = AppIcon;
				ASSETCATALOG_COMPILER_GLOBAL_ACCENT_COLOR_NAME = AccentColor;
				CODE_SIGN_STYLE = Automatic;
				DEVELOPMENT_ASSET_PATHS = "\"ReadMe/Preview Content\"";
				ENABLE_PREVIEWS = YES;
				INFOPLIST_FILE = ReadMe/Info.plist;
				IPHONEOS_DEPLOYMENT_TARGET = 14.0;
				LD_RUNPATH_SEARCH_PATHS = (
					"$(inherited)",
					"@executable_path/Frameworks",
				);
				PRODUCT_BUNDLE_IDENTIFIER = com.robyho.ReadMe;
				PRODUCT_NAME = "$(TARGET_NAME)";
				SWIFT_VERSION = 5.0;
				TARGETED_DEVICE_FAMILY = "1,2";
			};
			name = Release;
		};
/* End XCBuildConfiguration section */

/* Begin XCConfigurationList section */
		6D1089B1268CC9A200D60C55 /* Build configuration list for PBXProject "ReadMe" */ = {
			isa = XCConfigurationList;
			buildConfigurations = (
				6D1089C3268CC9A300D60C55 /* Debug */,
				6D1089C4268CC9A300D60C55 /* Release */,
			);
			defaultConfigurationIsVisible = 0;
			defaultConfigurationName = Release;
		};
		6D1089C5268CC9A300D60C55 /* Build configuration list for PBXNativeTarget "ReadMe" */ = {
			isa = XCConfigurationList;
			buildConfigurations = (
				6D1089C6268CC9A300D60C55 /* Debug */,
				6D1089C7268CC9A300D60C55 /* Release */,
			);
			defaultConfigurationIsVisible = 0;
			defaultConfigurationName = Release;
		};
/* End XCConfigurationList section */
	};
	rootObject = 6D1089AE268CC9A200D60C55 /* Project object */;
}
