// !$*UTF8*$!
{
	archiveVersion = 1;
	classes = {
	};
	objectVersion = 50;
	objects = {

/* Begin PBXBuildFile section */
		6DED66AC26A6CA910096B834 /* FeedMyPetsApp.swift in Sources */ = {isa = PBXBuildFile; fileRef = 6DED66AB26A6CA910096B834 /* FeedMyPetsApp.swift */; };
		6DED66AE26A6CA910096B834 /* ContentView.swift in Sources */ = {isa = PBXBuildFile; fileRef = 6DED66AD26A6CA910096B834 /* ContentView.swift */; };
		6DED66B026A6CA920096B834 /* Assets.xcassets in Resources */ = {isa = PBXBuildFile; fileRef = 6DED66AF26A6CA920096B834 /* Assets.xcassets */; };
		6DED66B326A6CA920096B834 /* Preview Assets.xcassets in Resources */ = {isa = PBXBuildFile; fileRef = 6DED66B226A6CA920096B834 /* Preview Assets.xcassets */; };
		6DED66BC26A6CAD20096B834 /* addPetView.swift in Sources */ = {isa = PBXBuildFile; fileRef = 6DED66BB26A6CAD20096B834 /* addPetView.swift */; };
		6DED66BE26A6CAF30096B834 /* buttonStyleViews.swift in Sources */ = {isa = PBXBuildFile; fileRef = 6DED66BD26A6CAF30096B834 /* buttonStyleViews.swift */; };
		6DED66C026A6CB080096B834 /* textViewStyles.swift in Sources */ = {isa = PBXBuildFile; fileRef = 6DED66BF26A6CB080096B834 /* textViewStyles.swift */; };
		6DED66C226A6CB7C0096B834 /* homeView.swift in Sources */ = {isa = PBXBuildFile; fileRef = 6DED66C126A6CB7C0096B834 /* homeView.swift */; };
		6DED66C526A6CF4F0096B834 /* Pet.swift in Sources */ = {isa = PBXBuildFile; fileRef = 6DED66C426A6CF4F0096B834 /* Pet.swift */; };
/* End PBXBuildFile section */

/* Begin PBXFileReference section */
		6DED66A826A6CA910096B834 /* FeedMyPets.app */ = {isa = PBXFileReference; explicitFileType = wrapper.application; includeInIndex = 0; path = FeedMyPets.app; sourceTree = BUILT_PRODUCTS_DIR; };
		6DED66AB26A6CA910096B834 /* FeedMyPetsApp.swift */ = {isa = PBXFileReference; lastKnownFileType = sourcecode.swift; path = FeedMyPetsApp.swift; sourceTree = "<group>"; };
		6DED66AD26A6CA910096B834 /* ContentView.swift */ = {isa = PBXFileReference; lastKnownFileType = sourcecode.swift; path = ContentView.swift; sourceTree = "<group>"; };
		6DED66AF26A6CA920096B834 /* Assets.xcassets */ = {isa = PBXFileReference; lastKnownFileType = folder.assetcatalog; path = Assets.xcassets; sourceTree = "<group>"; };
		6DED66B226A6CA920096B834 /* Preview Assets.xcassets */ = {isa = PBXFileReference; lastKnownFileType = folder.assetcatalog; path = "Preview Assets.xcassets"; sourceTree = "<group>"; };
		6DED66B426A6CA920096B834 /* Info.plist */ = {isa = PBXFileReference; lastKnownFileType = text.plist.xml; path = Info.plist; sourceTree = "<group>"; };
		6DED66BB26A6CAD20096B834 /* addPetView.swift */ = {isa = PBXFileReference; lastKnownFileType = sourcecode.swift; path = addPetView.swift; sourceTree = "<group>"; };
		6DED66BD26A6CAF30096B834 /* buttonStyleViews.swift */ = {isa = PBXFileReference; lastKnownFileType = sourcecode.swift; path = buttonStyleViews.swift; sourceTree = "<group>"; };
		6DED66BF26A6CB080096B834 /* textViewStyles.swift */ = {isa = PBXFileReference; lastKnownFileType = sourcecode.swift; path = textViewStyles.swift; sourceTree = "<group>"; };
		6DED66C126A6CB7C0096B834 /* homeView.swift */ = {isa = PBXFileReference; lastKnownFileType = sourcecode.swift; path = homeView.swift; sourceTree = "<group>"; };
		6DED66C426A6CF4F0096B834 /* Pet.swift */ = {isa = PBXFileReference; lastKnownFileType = sourcecode.swift; path = Pet.swift; sourceTree = "<group>"; };
/* End PBXFileReference section */

/* Begin PBXFrameworksBuildPhase section */
		6DED66A526A6CA910096B834 /* Frameworks */ = {
			isa = PBXFrameworksBuildPhase;
			buildActionMask = 2147483647;
			files = (
			);
			runOnlyForDeploymentPostprocessing = 0;
		};
/* End PBXFrameworksBuildPhase section */

/* Begin PBXGroup section */
		6DED669F26A6CA910096B834 = {
			isa = PBXGroup;
			children = (
				6DED66AA26A6CA910096B834 /* FeedMyPets */,
				6DED66A926A6CA910096B834 /* Products */,
			);
			sourceTree = "<group>";
		};
		6DED66A926A6CA910096B834 /* Products */ = {
			isa = PBXGroup;
			children = (
				6DED66A826A6CA910096B834 /* FeedMyPets.app */,
			);
			name = Products;
			sourceTree = "<group>";
		};
		6DED66AA26A6CA910096B834 /* FeedMyPets */ = {
			isa = PBXGroup;
			children = (
				6DED66C326A6CF420096B834 /* Models */,
				6DED66BA26A6CAC20096B834 /* Views */,
				6DED66AB26A6CA910096B834 /* FeedMyPetsApp.swift */,
				6DED66AD26A6CA910096B834 /* ContentView.swift */,
				6DED66AF26A6CA920096B834 /* Assets.xcassets */,
				6DED66B426A6CA920096B834 /* Info.plist */,
				6DED66B126A6CA920096B834 /* Preview Content */,
			);
			path = FeedMyPets;
			sourceTree = "<group>";
		};
		6DED66B126A6CA920096B834 /* Preview Content */ = {
			isa = PBXGroup;
			children = (
				6DED66B226A6CA920096B834 /* Preview Assets.xcassets */,
			);
			path = "Preview Content";
			sourceTree = "<group>";
		};
		6DED66BA26A6CAC20096B834 /* Views */ = {
			isa = PBXGroup;
			children = (
				6DED66BB26A6CAD20096B834 /* addPetView.swift */,
				6DED66BD26A6CAF30096B834 /* buttonStyleViews.swift */,
				6DED66BF26A6CB080096B834 /* textViewStyles.swift */,
				6DED66C126A6CB7C0096B834 /* homeView.swift */,
			);
			path = Views;
			sourceTree = "<group>";
		};
		6DED66C326A6CF420096B834 /* Models */ = {
			isa = PBXGroup;
			children = (
				6DED66C426A6CF4F0096B834 /* Pet.swift */,
			);
			path = Models;
			sourceTree = "<group>";
		};
/* End PBXGroup section */

/* Begin PBXNativeTarget section */
		6DED66A726A6CA910096B834 /* FeedMyPets */ = {
			isa = PBXNativeTarget;
			buildConfigurationList = 6DED66B726A6CA920096B834 /* Build configuration list for PBXNativeTarget "FeedMyPets" */;
			buildPhases = (
				6DED66A426A6CA910096B834 /* Sources */,
				6DED66A526A6CA910096B834 /* Frameworks */,
				6DED66A626A6CA910096B834 /* Resources */,
			);
			buildRules = (
			);
			dependencies = (
			);
			name = FeedMyPets;
			productName = FeedMyPets;
			productReference = 6DED66A826A6CA910096B834 /* FeedMyPets.app */;
			productType = "com.apple.product-type.application";
		};
/* End PBXNativeTarget section */

/* Begin PBXProject section */
		6DED66A026A6CA910096B834 /* Project object */ = {
			isa = PBXProject;
			attributes = {
				LastSwiftUpdateCheck = 1250;
				LastUpgradeCheck = 1250;
				TargetAttributes = {
					6DED66A726A6CA910096B834 = {
						CreatedOnToolsVersion = 12.5.1;
					};
				};
			};
			buildConfigurationList = 6DED66A326A6CA910096B834 /* Build configuration list for PBXProject "FeedMyPets" */;
			compatibilityVersion = "Xcode 9.3";
			developmentRegion = en;
			hasScannedForEncodings = 0;
			knownRegions = (
				en,
				Base,
			);
			mainGroup = 6DED669F26A6CA910096B834;
			productRefGroup = 6DED66A926A6CA910096B834 /* Products */;
			projectDirPath = "";
			projectRoot = "";
			targets = (
				6DED66A726A6CA910096B834 /* FeedMyPets */,
			);
		};
/* End PBXProject section */

/* Begin PBXResourcesBuildPhase section */
		6DED66A626A6CA910096B834 /* Resources */ = {
			isa = PBXResourcesBuildPhase;
			buildActionMask = 2147483647;
			files = (
				6DED66B326A6CA920096B834 /* Preview Assets.xcassets in Resources */,
				6DED66B026A6CA920096B834 /* Assets.xcassets in Resources */,
			);
			runOnlyForDeploymentPostprocessing = 0;
		};
/* End PBXResourcesBuildPhase section */

/* Begin PBXSourcesBuildPhase section */
		6DED66A426A6CA910096B834 /* Sources */ = {
			isa = PBXSourcesBuildPhase;
			buildActionMask = 2147483647;
			files = (
				6DED66C526A6CF4F0096B834 /* Pet.swift in Sources */,
				6DED66BE26A6CAF30096B834 /* buttonStyleViews.swift in Sources */,
				6DED66AE26A6CA910096B834 /* ContentView.swift in Sources */,
				6DED66AC26A6CA910096B834 /* FeedMyPetsApp.swift in Sources */,
				6DED66BC26A6CAD20096B834 /* addPetView.swift in Sources */,
				6DED66C026A6CB080096B834 /* textViewStyles.swift in Sources */,
				6DED66C226A6CB7C0096B834 /* homeView.swift in Sources */,
			);
			runOnlyForDeploymentPostprocessing = 0;
		};
/* End PBXSourcesBuildPhase section */

/* Begin XCBuildConfiguration section */
		6DED66B526A6CA920096B834 /* Debug */ = {
			isa = XCBuildConfiguration;
			buildSettings = {
				ALWAYS_SEARCH_USER_PATHS = NO;
				CLANG_ANALYZER_NONNULL = YES;
				CLANG_ANALYZER_NUMBER_OBJECT_CONVERSION = YES_AGGRESSIVE;
				CLANG_CXX_LANGUAGE_STANDARD = "gnu++14";
				CLANG_CXX_LIBRARY = "libc++";
				CLANG_ENABLE_MODULES = YES;
				CLANG_ENABLE_OBJC_ARC = YES;
				CLANG_ENABLE_OBJC_WEAK = YES;
				CLANG_WARN_BLOCK_CAPTURE_AUTORELEASING = YES;
				CLANG_WARN_BOOL_CONVERSION = YES;
				CLANG_WARN_COMMA = YES;
				CLANG_WARN_CONSTANT_CONVERSION = YES;
				CLANG_WARN_DEPRECATED_OBJC_IMPLEMENTATIONS = YES;
				CLANG_WARN_DIRECT_OBJC_ISA_USAGE = YES_ERROR;
				CLANG_WARN_DOCUMENTATION_COMMENTS = YES;
				CLANG_WARN_EMPTY_BODY = YES;
				CLANG_WARN_ENUM_CONVERSION = YES;
				CLANG_WARN_INFINITE_RECURSION = YES;
				CLANG_WARN_INT_CONVERSION = YES;
				CLANG_WARN_NON_LITERAL_NULL_CONVERSION = YES;
				CLANG_WARN_OBJC_IMPLICIT_RETAIN_SELF = YES;
				CLANG_WARN_OBJC_LITERAL_CONVERSION = YES;
				CLANG_WARN_OBJC_ROOT_CLASS = YES_ERROR;
				CLANG_WARN_QUOTED_INCLUDE_IN_FRAMEWORK_HEADER = YES;
				CLANG_WARN_RANGE_LOOP_ANALYSIS = YES;
				CLANG_WARN_STRICT_PROTOTYPES = YES;
				CLANG_WARN_SUSPICIOUS_MOVE = YES;
				CLANG_WARN_UNGUARDED_AVAILABILITY = YES_AGGRESSIVE;
				CLANG_WARN_UNREACHABLE_CODE = YES;
				CLANG_WARN__DUPLICATE_METHOD_MATCH = YES;
				COPY_PHASE_STRIP = NO;
				DEBUG_INFORMATION_FORMAT = dwarf;
				ENABLE_STRICT_OBJC_MSGSEND = YES;
				ENABLE_TESTABILITY = YES;
				GCC_C_LANGUAGE_STANDARD = gnu11;
				GCC_DYNAMIC_NO_PIC = NO;
				GCC_NO_COMMON_BLOCKS = YES;
				GCC_OPTIMIZATION_LEVEL = 0;
				GCC_PREPROCESSOR_DEFINITIONS = (
					"DEBUG=1",
					"$(inherited)",
				);
				GCC_WARN_64_TO_32_BIT_CONVERSION = YES;
				GCC_WARN_ABOUT_RETURN_TYPE = YES_ERROR;
				GCC_WARN_UNDECLARED_SELECTOR = YES;
				GCC_WARN_UNINITIALIZED_AUTOS = YES_AGGRESSIVE;
				GCC_WARN_UNUSED_FUNCTION = YES;
				GCC_WARN_UNUSED_VARIABLE = YES;
				IPHONEOS_DEPLOYMENT_TARGET = 14.5;
				MTL_ENABLE_DEBUG_INFO = INCLUDE_SOURCE;
				MTL_FAST_MATH = YES;
				ONLY_ACTIVE_ARCH = YES;
				SDKROOT = iphoneos;
				SWIFT_ACTIVE_COMPILATION_CONDITIONS = DEBUG;
				SWIFT_OPTIMIZATION_LEVEL = "-Onone";
			};
			name = Debug;
		};
		6DED66B626A6CA920096B834 /* Release */ = {
			isa = XCBuildConfiguration;
			buildSettings = {
				ALWAYS_SEARCH_USER_PATHS = NO;
				CLANG_ANALYZER_NONNULL = YES;
				CLANG_ANALYZER_NUMBER_OBJECT_CONVERSION = YES_AGGRESSIVE;
				CLANG_CXX_LANGUAGE_STANDARD = "gnu++14";
				CLANG_CXX_LIBRARY = "libc++";
				CLANG_ENABLE_MODULES = YES;
				CLANG_ENABLE_OBJC_ARC = YES;
				CLANG_ENABLE_OBJC_WEAK = YES;
				CLANG_WARN_BLOCK_CAPTURE_AUTORELEASING = YES;
				CLANG_WARN_BOOL_CONVERSION = YES;
				CLANG_WARN_COMMA = YES;
				CLANG_WARN_CONSTANT_CONVERSION = YES;
				CLANG_WARN_DEPRECATED_OBJC_IMPLEMENTATIONS = YES;
				CLANG_WARN_DIRECT_OBJC_ISA_USAGE = YES_ERROR;
				CLANG_WARN_DOCUMENTATION_COMMENTS = YES;
				CLANG_WARN_EMPTY_BODY = YES;
				CLANG_WARN_ENUM_CONVERSION = YES;
				CLANG_WARN_INFINITE_RECURSION = YES;
				CLANG_WARN_INT_CONVERSION = YES;
				CLANG_WARN_NON_LITERAL_NULL_CONVERSION = YES;
				CLANG_WARN_OBJC_IMPLICIT_RETAIN_SELF = YES;
				CLANG_WARN_OBJC_LITERAL_CONVERSION = YES;
				CLANG_WARN_OBJC_ROOT_CLASS = YES_ERROR;
				CLANG_WARN_QUOTED_INCLUDE_IN_FRAMEWORK_HEADER = YES;
				CLANG_WARN_RANGE_LOOP_ANALYSIS = YES;
				CLANG_WARN_STRICT_PROTOTYPES = YES;
				CLANG_WARN_SUSPICIOUS_MOVE = YES;
				CLANG_WARN_UNGUARDED_AVAILABILITY = YES_AGGRESSIVE;
				CLANG_WARN_UNREACHABLE_CODE = YES;
				CLANG_WARN__DUPLICATE_METHOD_MATCH = YES;
				COPY_PHASE_STRIP = NO;
				DEBUG_INFORMATION_FORMAT = "dwarf-with-dsym";
				ENABLE_NS_ASSERTIONS = NO;
				ENABLE_STRICT_OBJC_MSGSEND = YES;
				GCC_C_LANGUAGE_STANDARD = gnu11;
				GCC_NO_COMMON_BLOCKS = YES;
				GCC_WARN_64_TO_32_BIT_CONVERSION = YES;
				GCC_WARN_ABOUT_RETURN_TYPE = YES_ERROR;
				GCC_WARN_UNDECLARED_SELECTOR = YES;
				GCC_WARN_UNINITIALIZED_AUTOS = YES_AGGRESSIVE;
				GCC_WARN_UNUSED_FUNCTION = YES;
				GCC_WARN_UNUSED_VARIABLE = YES;
				IPHONEOS_DEPLOYMENT_TARGET = 14.5;
				MTL_ENABLE_DEBUG_INFO = NO;
				MTL_FAST_MATH = YES;
				SDKROOT = iphoneos;
				SWIFT_COMPILATION_MODE = wholemodule;
				SWIFT_OPTIMIZATION_LEVEL = "-O";
				VALIDATE_PRODUCT = YES;
			};
			name = Release;
		};
		6DED66B826A6CA920096B834 /* Debug */ = {
			isa = XCBuildConfiguration;
			buildSettings = {
				ASSETCATALOG_COMPILER_APPICON_NAME = AppIcon;
				ASSETCATALOG_COMPILER_GLOBAL_ACCENT_COLOR_NAME = AccentColor;
				CODE_SIGN_STYLE = Automatic;
				DEVELOPMENT_ASSET_PATHS = "\"FeedMyPets/Preview Content\"";
				ENABLE_PREVIEWS = YES;
				INFOPLIST_FILE = FeedMyPets/Info.plist;
				IPHONEOS_DEPLOYMENT_TARGET = 14.0;
				LD_RUNPATH_SEARCH_PATHS = (
					"$(inherited)",
					"@executable_path/Frameworks",
				);
				PRODUCT_BUNDLE_IDENTIFIER = com.robyho.FeedMyPets;
				PRODUCT_NAME = "$(TARGET_NAME)";
				SWIFT_VERSION = 5.0;
				TARGETED_DEVICE_FAMILY = "1,2";
			};
			name = Debug;
		};
		6DED66B926A6CA920096B834 /* Release */ = {
			isa = XCBuildConfiguration;
			buildSettings = {
				ASSETCATALOG_COMPILER_APPICON_NAME = AppIcon;
				ASSETCATALOG_COMPILER_GLOBAL_ACCENT_COLOR_NAME = AccentColor;
				CODE_SIGN_STYLE = Automatic;
				DEVELOPMENT_ASSET_PATHS = "\"FeedMyPets/Preview Content\"";
				ENABLE_PREVIEWS = YES;
				INFOPLIST_FILE = FeedMyPets/Info.plist;
				IPHONEOS_DEPLOYMENT_TARGET = 14.0;
				LD_RUNPATH_SEARCH_PATHS = (
					"$(inherited)",
					"@executable_path/Frameworks",
				);
				PRODUCT_BUNDLE_IDENTIFIER = com.robyho.FeedMyPets;
				PRODUCT_NAME = "$(TARGET_NAME)";
				SWIFT_VERSION = 5.0;
				TARGETED_DEVICE_FAMILY = "1,2";
			};
			name = Release;
		};
/* End XCBuildConfiguration section */

/* Begin XCConfigurationList section */
		6DED66A326A6CA910096B834 /* Build configuration list for PBXProject "FeedMyPets" */ = {
			isa = XCConfigurationList;
			buildConfigurations = (
				6DED66B526A6CA920096B834 /* Debug */,
				6DED66B626A6CA920096B834 /* Release */,
			);
			defaultConfigurationIsVisible = 0;
			defaultConfigurationName = Release;
		};
		6DED66B726A6CA920096B834 /* Build configuration list for PBXNativeTarget "FeedMyPets" */ = {
			isa = XCConfigurationList;
			buildConfigurations = (
				6DED66B826A6CA920096B834 /* Debug */,
				6DED66B926A6CA920096B834 /* Release */,
			);
			defaultConfigurationIsVisible = 0;
			defaultConfigurationName = Release;
		};
/* End XCConfigurationList section */
	};
	rootObject = 6DED66A026A6CA910096B834 /* Project object */;
}
